
Microsoft Visual Studio Solution File, Format Version 12.00
# Visual Studio Version 16
VisualStudioVersion = 16.0.31313.79
MinimumVisualStudioVersion = 10.0.40219.1
Project("{FAE04EC0-301F-11D3-BF4B-00C04F79EFBC}") = "GRLC-Wallet-Wrapper", "GRLC-Wallet-Wrapper\GRLC-Wallet-Wrapper.csproj", "{5A180CE0-D39F-400B-A54E-C1FD3C306030}"
EndProject
Project("{FAE04EC0-301F-11D3-BF4B-00C04F79EFBC}") = "Demo-App", "Demo-App\Demo-App.csproj", "{4FB554D9-7839-4BD8-856E-4E0F2FD66ED9}"
EndProject
Global
	GlobalSection(SolutionConfigurationPlatforms) = preSolution
		Debug|Any CPU = Debug|Any CPU
		Release|Any CPU = Release|Any CPU
	EndGlobalSection
	GlobalSection(ProjectConfigurationPlatforms) = postSolution
		{5A180CE0-D39F-400B-A54E-C1FD3C306030}.Debug|Any CPU.ActiveCfg = Debug|Any CPU
		{5A180CE0-D39F-400B-A54E-C1FD3C306030}.Debug|Any CPU.Build.0 = Debug|Any CPU
		{5A180CE0-D39F-400B-A54E-C1FD3C306030}.Release|Any CPU.ActiveCfg = Release|Any CPU
		{5A180CE0-D39F-400B-A54E-C1FD3C306030}.Release|Any CPU.Build.0 = Release|Any CPU
		{4FB554D9-7839-4BD8-856E-4E0F2FD66ED9}.Debug|Any CPU.ActiveCfg = Debug|Any CPU
		{4FB554D9-7839-4BD8-856E-4E0F2FD66ED9}.Debug|Any CPU.Build.0 = Debug|Any CPU
		{4FB554D9-7839-4BD8-856E-4E0F2FD66ED9}.Release|Any CPU.ActiveCfg = Release|Any CPU
		{4FB554D9-7839-4BD8-856E-4E0F2FD66ED9}.Release|Any CPU.Build.0 = Release|Any CPU
	EndGlobalSection
	GlobalSection(SolutionProperties) = preSolution
		HideSolutionNode = FALSE
	EndGlobalSection
	GlobalSection(ExtensibilityGlobals) = postSolution
		SolutionGuid = {3E3BC36B-9FB0-4DF8-91D9-BEC6A11B116A}
	EndGlobalSection
EndGlobal
